
Microsoft Visual Studio Solution File, Format Version 12.00
Project("{FAE04EC0-301F-11D3-BF4B-00C04F79EFBC}") = "DemoAiConsumer", "DemoAiConsumer.csproj", "{18FF9594-3AA5-4662-988F-6054DF5C7A62}"
EndProject
Global
	GlobalSection(SolutionConfigurationPlatforms) = preSolution
		Debug|Any CPU = Debug|Any CPU
		Release|Any CPU = Release|Any CPU
	EndGlobalSection
	GlobalSection(ProjectConfigurationPlatforms) = postSolution
		{18FF9594-3AA5-4662-988F-6054DF5C7A62}.Debug|Any CPU.ActiveCfg = Debug|Any CPU
		{18FF9594-3AA5-4662-988F-6054DF5C7A62}.Debug|Any CPU.Build.0 = Debug|Any CPU
		{18FF9594-3AA5-4662-988F-6054DF5C7A62}.Release|Any CPU.ActiveCfg = Release|Any CPU
		{18FF9594-3AA5-4662-988F-6054DF5C7A62}.Release|Any CPU.Build.0 = Release|Any CPU
	EndGlobalSection
EndGlobal
